
Microsoft Visual Studio Solution File, Format Version 12.00
# Visual Studio Version 17
VisualStudioVersion = 17.10.35013.160
MinimumVisualStudioVersion = 10.0.40219.1
Project("{FAE04EC0-301F-11D3-BF4B-00C04F79EFBC}") = "FitZone.Server", "FitZone.Server\FitZone.Server.csproj", "{D8C1EA1F-5495-4021-B3C4-0B0543B4C42A}"
EndProject
Project("{54A90642-561A-4BB1-A94E-469ADEE60C69}") = "fitzone.client", "fitzone.client\fitzone.client.esproj", "{D3071C13-D826-427D-8703-513B834531BD}"
EndProject
Global
	GlobalSection(SolutionConfigurationPlatforms) = preSolution
		Debug|Any CPU = Debug|Any CPU
		Release|Any CPU = Release|Any CPU
	EndGlobalSection
	GlobalSection(ProjectConfigurationPlatforms) = postSolution
		{D8C1EA1F-5495-4021-B3C4-0B0543B4C42A}.Debug|Any CPU.ActiveCfg = Debug|Any CPU
		{D8C1EA1F-5495-4021-B3C4-0B0543B4C42A}.Debug|Any CPU.Build.0 = Debug|Any CPU
		{D8C1EA1F-5495-4021-B3C4-0B0543B4C42A}.Release|Any CPU.ActiveCfg = Release|Any CPU
		{D8C1EA1F-5495-4021-B3C4-0B0543B4C42A}.Release|Any CPU.Build.0 = Release|Any CPU
		{D3071C13-D826-427D-8703-513B834531BD}.Debug|Any CPU.ActiveCfg = Debug|Any CPU
		{D3071C13-D826-427D-8703-513B834531BD}.Debug|Any CPU.Build.0 = Debug|Any CPU
		{D3071C13-D826-427D-8703-513B834531BD}.Debug|Any CPU.Deploy.0 = Debug|Any CPU
		{D3071C13-D826-427D-8703-513B834531BD}.Release|Any CPU.ActiveCfg = Release|Any CPU
		{D3071C13-D826-427D-8703-513B834531BD}.Release|Any CPU.Build.0 = Release|Any CPU
		{D3071C13-D826-427D-8703-513B834531BD}.Release|Any CPU.Deploy.0 = Release|Any CPU
	EndGlobalSection
	GlobalSection(SolutionProperties) = preSolution
		HideSolutionNode = FALSE
	EndGlobalSection
	GlobalSection(ExtensibilityGlobals) = postSolution
		SolutionGuid = {5916D11D-A21B-4C50-8EAA-938EC21F2BA4}
	EndGlobalSection
EndGlobal
